
Microsoft Visual Studio Solution File, Format Version 12.00
# Visual Studio Version 17
VisualStudioVersion = 17.3.32825.248
MinimumVisualStudioVersion = 10.0.40219.1
Project("{9A19103F-16F7-4668-BE54-9A1E7A4F7556}") = "TangyWeb_Server", "TangyWeb_Server\TangyWeb_Server.csproj", "{B5A6D94B-D96F-4D3E-A563-B346727F5D90}"
EndProject
Project("{FAE04EC0-301F-11D3-BF4B-00C04F79EFBC}") = "Tangy_Models", "Tangy_Models\Tangy_Models.csproj", "{2057342C-D229-4769-823D-38523DB2DADE}"
EndProject
Global
	GlobalSection(SolutionConfigurationPlatforms) = preSolution
		Debug|Any CPU = Debug|Any CPU
		Release|Any CPU = Release|Any CPU
	EndGlobalSection
	GlobalSection(ProjectConfigurationPlatforms) = postSolution
		{B5A6D94B-D96F-4D3E-A563-B346727F5D90}.Debug|Any CPU.ActiveCfg = Debug|Any CPU
		{B5A6D94B-D96F-4D3E-A563-B346727F5D90}.Debug|Any CPU.Build.0 = Debug|Any CPU
		{B5A6D94B-D96F-4D3E-A563-B346727F5D90}.Release|Any CPU.ActiveCfg = Release|Any CPU
		{B5A6D94B-D96F-4D3E-A563-B346727F5D90}.Release|Any CPU.Build.0 = Release|Any CPU
		{2057342C-D229-4769-823D-38523DB2DADE}.Debug|Any CPU.ActiveCfg = Debug|Any CPU
		{2057342C-D229-4769-823D-38523DB2DADE}.Debug|Any CPU.Build.0 = Debug|Any CPU
		{2057342C-D229-4769-823D-38523DB2DADE}.Release|Any CPU.ActiveCfg = Release|Any CPU
		{2057342C-D229-4769-823D-38523DB2DADE}.Release|Any CPU.Build.0 = Release|Any CPU
	EndGlobalSection
	GlobalSection(SolutionProperties) = preSolution
		HideSolutionNode = FALSE
	EndGlobalSection
	GlobalSection(ExtensibilityGlobals) = postSolution
		SolutionGuid = {79389508-D13E-4E21-AE84-639B8BEBE388}
	EndGlobalSection
EndGlobal
